// !$*UTF8*$!
{
	archiveVersion = 1;
	classes = {
	};
	objectVersion = 50;
	objects = {

/* Begin PBXBuildFile section */
		93A6E9B820C1658600872A9A /* AppDelegate.swift in Sources */ = {isa = PBXBuildFile; fileRef = 93A6E9B720C1658600872A9A /* AppDelegate.swift */; };
		93A6E9BA20C1658600872A9A /* ViewController.swift in Sources */ = {isa = PBXBuildFile; fileRef = 93A6E9B920C1658600872A9A /* ViewController.swift */; };
		93A6E9BD20C1658600872A9A /* Main.storyboard in Resources */ = {isa = PBXBuildFile; fileRef = 93A6E9BB20C1658600872A9A /* Main.storyboard */; };
		93A6E9BF20C1658700872A9A /* Assets.xcassets in Resources */ = {isa = PBXBuildFile; fileRef = 93A6E9BE20C1658700872A9A /* Assets.xcassets */; };
		93A6E9C220C1658700872A9A /* LaunchScreen.storyboard in Resources */ = {isa = PBXBuildFile; fileRef = 93A6E9C020C1658700872A9A /* LaunchScreen.storyboard */; };
		93A6E9CD20C1658700872A9A /* DepositSimulatorTests.swift in Sources */ = {isa = PBXBuildFile; fileRef = 93A6E9CC20C1658700872A9A /* DepositSimulatorTests.swift */; };
/* End PBXBuildFile section */

/* Begin PBXContainerItemProxy section */
		93A6E9C920C1658700872A9A /* PBXContainerItemProxy */ = {
			isa = PBXContainerItemProxy;
			containerPortal = 93A6E9AC20C1658600872A9A /* Project object */;
			proxyType = 1;
			remoteGlobalIDString = 93A6E9B320C1658600872A9A;
			remoteInfo = DepositSimulator;
		};
/* End PBXContainerItemProxy section */

/* Begin PBXFileReference section */
		93A6E9B420C1658600872A9A /* DepositSimulator.app */ = {isa = PBXFileReference; explicitFileType = wrapper.application; includeInIndex = 0; path = DepositSimulator.app; sourceTree = BUILT_PRODUCTS_DIR; };
		93A6E9B720C1658600872A9A /* AppDelegate.swift */ = {isa = PBXFileReference; lastKnownFileType = sourcecode.swift; path = AppDelegate.swift; sourceTree = "<group>"; };
		93A6E9B920C1658600872A9A /* ViewController.swift */ = {isa = PBXFileReference; lastKnownFileType = sourcecode.swift; path = ViewController.swift; sourceTree = "<group>"; };
		93A6E9BC20C1658600872A9A /* Base */ = {isa = PBXFileReference; lastKnownFileType = file.storyboard; name = Base; path = Base.lproj/Main.storyboard; sourceTree = "<group>"; };
		93A6E9BE20C1658700872A9A /* Assets.xcassets */ = {isa = PBXFileReference; lastKnownFileType = folder.assetcatalog; path = Assets.xcassets; sourceTree = "<group>"; };
		93A6E9C120C1658700872A9A /* Base */ = {isa = PBXFileReference; lastKnownFileType = file.storyboard; name = Base; path = Base.lproj/LaunchScreen.storyboard; sourceTree = "<group>"; };
		93A6E9C320C1658700872A9A /* Info.plist */ = {isa = PBXFileReference; lastKnownFileType = text.plist.xml; path = Info.plist; sourceTree = "<group>"; };
		93A6E9C820C1658700872A9A /* DepositSimulatorTests.xctest */ = {isa = PBXFileReference; explicitFileType = wrapper.cfbundle; includeInIndex = 0; path = DepositSimulatorTests.xctest; sourceTree = BUILT_PRODUCTS_DIR; };
		93A6E9CC20C1658700872A9A /* DepositSimulatorTests.swift */ = {isa = PBXFileReference; lastKnownFileType = sourcecode.swift; path = DepositSimulatorTests.swift; sourceTree = "<group>"; };
		93A6E9CE20C1658700872A9A /* Info.plist */ = {isa = PBXFileReference; lastKnownFileType = text.plist.xml; path = Info.plist; sourceTree = "<group>"; };
/* End PBXFileReference section */

/* Begin PBXFrameworksBuildPhase section */
		93A6E9B120C1658600872A9A /* Frameworks */ = {
			isa = PBXFrameworksBuildPhase;
			buildActionMask = 2147483647;
			files = (
			);
			runOnlyForDeploymentPostprocessing = 0;
		};
		93A6E9C520C1658700872A9A /* Frameworks */ = {
			isa = PBXFrameworksBuildPhase;
			buildActionMask = 2147483647;
			files = (
			);
			runOnlyForDeploymentPostprocessing = 0;
		};
/* End PBXFrameworksBuildPhase section */

/* Begin PBXGroup section */
		93A6E9AB20C1658600872A9A = {
			isa = PBXGroup;
			children = (
				93A6E9B620C1658600872A9A /* DepositSimulator */,
				93A6E9CB20C1658700872A9A /* DepositSimulatorTests */,
				93A6E9B520C1658600872A9A /* Products */,
			);
			sourceTree = "<group>";
		};
		93A6E9B520C1658600872A9A /* Products */ = {
			isa = PBXGroup;
			children = (
				93A6E9B420C1658600872A9A /* DepositSimulator.app */,
				93A6E9C820C1658700872A9A /* DepositSimulatorTests.xctest */,
			);
			name = Products;
			sourceTree = "<group>";
		};
		93A6E9B620C1658600872A9A /* DepositSimulator */ = {
			isa = PBXGroup;
			children = (
				93A6E9B720C1658600872A9A /* AppDelegate.swift */,
				93A6E9B920C1658600872A9A /* ViewController.swift */,
				93A6E9BB20C1658600872A9A /* Main.storyboard */,
				93A6E9BE20C1658700872A9A /* Assets.xcassets */,
				93A6E9C020C1658700872A9A /* LaunchScreen.storyboard */,
				93A6E9C320C1658700872A9A /* Info.plist */,
			);
			path = DepositSimulator;
			sourceTree = "<group>";
		};
		93A6E9CB20C1658700872A9A /* DepositSimulatorTests */ = {
			isa = PBXGroup;
			children = (
				93A6E9CC20C1658700872A9A /* DepositSimulatorTests.swift */,
				93A6E9CE20C1658700872A9A /* Info.plist */,
			);
			path = DepositSimulatorTests;
			sourceTree = "<group>";
		};
/* End PBXGroup section */

/* Begin PBXNativeTarget section */
		93A6E9B320C1658600872A9A /* DepositSimulator */ = {
			isa = PBXNativeTarget;
			buildConfigurationList = 93A6E9D120C1658700872A9A /* Build configuration list for PBXNativeTarget "DepositSimulator" */;
			buildPhases = (
				93A6E9B020C1658600872A9A /* Sources */,
				93A6E9B120C1658600872A9A /* Frameworks */,
				93A6E9B220C1658600872A9A /* Resources */,
			);
			buildRules = (
			);
			dependencies = (
			);
			name = DepositSimulator;
			productName = DepositSimulator;
			productReference = 93A6E9B420C1658600872A9A /* DepositSimulator.app */;
			productType = "com.apple.product-type.application";
		};
		93A6E9C720C1658700872A9A /* DepositSimulatorTests */ = {
			isa = PBXNativeTarget;
			buildConfigurationList = 93A6E9D420C1658700872A9A /* Build configuration list for PBXNativeTarget "DepositSimulatorTests" */;
			buildPhases = (
				93A6E9C420C1658700872A9A /* Sources */,
				93A6E9C520C1658700872A9A /* Frameworks */,
				93A6E9C620C1658700872A9A /* Resources */,
			);
			buildRules = (
			);
			dependencies = (
				93A6E9CA20C1658700872A9A /* PBXTargetDependency */,
			);
			name = DepositSimulatorTests;
			productName = DepositSimulatorTests;
			productReference = 93A6E9C820C1658700872A9A /* DepositSimulatorTests.xctest */;
			productType = "com.apple.product-type.bundle.unit-test";
		};
/* End PBXNativeTarget section */

/* Begin PBXProject section */
		93A6E9AC20C1658600872A9A /* Project object */ = {
			isa = PBXProject;
			attributes = {
				LastSwiftUpdateCheck = 0930;
				LastUpgradeCheck = 0930;
				ORGANIZATIONNAME = tanakayoshiaki;
				TargetAttributes = {
					93A6E9B320C1658600872A9A = {
						CreatedOnToolsVersion = 9.3;
					};
					93A6E9C720C1658700872A9A = {
						CreatedOnToolsVersion = 9.3;
						TestTargetID = 93A6E9B320C1658600872A9A;
					};
				};
			};
			buildConfigurationList = 93A6E9AF20C1658600872A9A /* Build configuration list for PBXProject "DepositSimulator" */;
			compatibilityVersion = "Xcode 9.3";
			developmentRegion = en;
			hasScannedForEncodings = 0;
			knownRegions = (
				en,
				Base,
			);
			mainGroup = 93A6E9AB20C1658600872A9A;
			productRefGroup = 93A6E9B520C1658600872A9A /* Products */;
			projectDirPath = "";
			projectRoot = "";
			targets = (
				93A6E9B320C1658600872A9A /* DepositSimulator */,
				93A6E9C720C1658700872A9A /* DepositSimulatorTests */,
			);
		};
/* End PBXProject section */

/* Begin PBXResourcesBuildPhase section */
		93A6E9B220C1658600872A9A /* Resources */ = {
			isa = PBXResourcesBuildPhase;
			buildActionMask = 2147483647;
			files = (
				93A6E9C220C1658700872A9A /* LaunchScreen.storyboard in Resources */,
				93A6E9BF20C1658700872A9A /* Assets.xcassets in Resources */,
				93A6E9BD20C1658600872A9A /* Main.storyboard in Resources */,
			);
			runOnlyForDeploymentPostprocessing = 0;
		};
		93A6E9C620C1658700872A9A /* Resources */ = {
			isa = PBXResourcesBuildPhase;
			buildActionMask = 2147483647;
			files = (
			);
			runOnlyForDeploymentPostprocessing = 0;
		};
/* End PBXResourcesBuildPhase section */

/* Begin PBXSourcesBuildPhase section */
		93A6E9B020C1658600872A9A /* Sources */ = {
			isa = PBXSourcesBuildPhase;
			buildActionMask = 2147483647;
			files = (
				93A6E9BA20C1658600872A9A /* ViewController.swift in Sources */,
				93A6E9B820C1658600872A9A /* AppDelegate.swift in Sources */,
			);
			runOnlyForDeploymentPostprocessing = 0;
		};
		93A6E9C420C1658700872A9A /* Sources */ = {
			isa = PBXSourcesBuildPhase;
			buildActionMask = 2147483647;
			files = (
				93A6E9CD20C1658700872A9A /* DepositSimulatorTests.swift in Sources */,
			);
			runOnlyForDeploymentPostprocessing = 0;
		};
/* End PBXSourcesBuildPhase section */

/* Begin PBXTargetDependency section */
		93A6E9CA20C1658700872A9A /* PBXTargetDependency */ = {
			isa = PBXTargetDependency;
			target = 93A6E9B320C1658600872A9A /* DepositSimulator */;
			targetProxy = 93A6E9C920C1658700872A9A /* PBXContainerItemProxy */;
		};
/* End PBXTargetDependency section */

/* Begin PBXVariantGroup section */
		93A6E9BB20C1658600872A9A /* Main.storyboard */ = {
			isa = PBXVariantGroup;
			children = (
				93A6E9BC20C1658600872A9A /* Base */,
			);
			name = Main.storyboard;
			sourceTree = "<group>";
		};
		93A6E9C020C1658700872A9A /* LaunchScreen.storyboard */ = {
			isa = PBXVariantGroup;
			children = (
				93A6E9C120C1658700872A9A /* Base */,
			);
			name = LaunchScreen.storyboard;
			sourceTree = "<group>";
		};
/* End PBXVariantGroup section */

/* Begin XCBuildConfiguration section */
		93A6E9CF20C1658700872A9A /* Debug */ = {
			isa = XCBuildConfiguration;
			buildSettings = {
				ALWAYS_SEARCH_USER_PATHS = NO;
				CLANG_ANALYZER_NONNULL = YES;
				CLANG_ANALYZER_NUMBER_OBJECT_CONVERSION = YES_AGGRESSIVE;
				CLANG_CXX_LANGUAGE_STANDARD = "gnu++14";
				CLANG_CXX_LIBRARY = "libc++";
				CLANG_ENABLE_MODULES = YES;
				CLANG_ENABLE_OBJC_ARC = YES;
				CLANG_ENABLE_OBJC_WEAK = YES;
				CLANG_WARN_BLOCK_CAPTURE_AUTORELEASING = YES;
				CLANG_WARN_BOOL_CONVERSION = YES;
				CLANG_WARN_COMMA = YES;
				CLANG_WARN_CONSTANT_CONVERSION = YES;
				CLANG_WARN_DEPRECATED_OBJC_IMPLEMENTATIONS = YES;
				CLANG_WARN_DIRECT_OBJC_ISA_USAGE = YES_ERROR;
				CLANG_WARN_DOCUMENTATION_COMMENTS = YES;
				CLANG_WARN_EMPTY_BODY = YES;
				CLANG_WARN_ENUM_CONVERSION = YES;
				CLANG_WARN_INFINITE_RECURSION = YES;
				CLANG_WARN_INT_CONVERSION = YES;
				CLANG_WARN_NON_LITERAL_NULL_CONVERSION = YES;
				CLANG_WARN_OBJC_IMPLICIT_RETAIN_SELF = YES;
				CLANG_WARN_OBJC_LITERAL_CONVERSION = YES;
				CLANG_WARN_OBJC_ROOT_CLASS = YES_ERROR;
				CLANG_WARN_RANGE_LOOP_ANALYSIS = YES;
				CLANG_WARN_STRICT_PROTOTYPES = YES;
				CLANG_WARN_SUSPICIOUS_MOVE = YES;
				CLANG_WARN_UNGUARDED_AVAILABILITY = YES_AGGRESSIVE;
				CLANG_WARN_UNREACHABLE_CODE = YES;
				CLANG_WARN__DUPLICATE_METHOD_MATCH = YES;
				CODE_SIGN_IDENTITY = "iPhone Developer";
				COPY_PHASE_STRIP = NO;
				DEBUG_INFORMATION_FORMAT = dwarf;
				ENABLE_STRICT_OBJC_MSGSEND = YES;
				ENABLE_TESTABILITY = YES;
				GCC_C_LANGUAGE_STANDARD = gnu11;
				GCC_DYNAMIC_NO_PIC = NO;
				GCC_NO_COMMON_BLOCKS = YES;
				GCC_OPTIMIZATION_LEVEL = 0;
				GCC_PREPROCESSOR_DEFINITIONS = (
					"DEBUG=1",
					"$(inherited)",
				);
				GCC_WARN_64_TO_32_BIT_CONVERSION = YES;
				GCC_WARN_ABOUT_RETURN_TYPE = YES_ERROR;
				GCC_WARN_UNDECLARED_SELECTOR = YES;
				GCC_WARN_UNINITIALIZED_AUTOS = YES_AGGRESSIVE;
				GCC_WARN_UNUSED_FUNCTION = YES;
				GCC_WARN_UNUSED_VARIABLE = YES;
				IPHONEOS_DEPLOYMENT_TARGET = 11.3;
				MTL_ENABLE_DEBUG_INFO = YES;
				ONLY_ACTIVE_ARCH = YES;
				SDKROOT = iphoneos;
				SWIFT_ACTIVE_COMPILATION_CONDITIONS = DEBUG;
				SWIFT_OPTIMIZATION_LEVEL = "-Onone";
			};
			name = Debug;
		};
		93A6E9D020C1658700872A9A /* Release */ = {
			isa = XCBuildConfiguration;
			buildSettings = {
				ALWAYS_SEARCH_USER_PATHS = NO;
				CLANG_ANALYZER_NONNULL = YES;
				CLANG_ANALYZER_NUMBER_OBJECT_CONVERSION = YES_AGGRESSIVE;
				CLANG_CXX_LANGUAGE_STANDARD = "gnu++14";
				CLANG_CXX_LIBRARY = "libc++";
				CLANG_ENABLE_MODULES = YES;
				CLANG_ENABLE_OBJC_ARC = YES;
				CLANG_ENABLE_OBJC_WEAK = YES;
				CLANG_WARN_BLOCK_CAPTURE_AUTORELEASING = YES;
				CLANG_WARN_BOOL_CONVERSION = YES;
				CLANG_WARN_COMMA = YES;
				CLANG_WARN_CONSTANT_CONVERSION = YES;
				CLANG_WARN_DEPRECATED_OBJC_IMPLEMENTATIONS = YES;
				CLANG_WARN_DIRECT_OBJC_ISA_USAGE = YES_ERROR;
				CLANG_WARN_DOCUMENTATION_COMMENTS = YES;
				CLANG_WARN_EMPTY_BODY = YES;
				CLANG_WARN_ENUM_CONVERSION = YES;
				CLANG_WARN_INFINITE_RECURSION = YES;
				CLANG_WARN_INT_CONVERSION = YES;
				CLANG_WARN_NON_LITERAL_NULL_CONVERSION = YES;
				CLANG_WARN_OBJC_IMPLICIT_RETAIN_SELF = YES;
				CLANG_WARN_OBJC_LITERAL_CONVERSION = YES;
				CLANG_WARN_OBJC_ROOT_CLASS = YES_ERROR;
				CLANG_WARN_RANGE_LOOP_ANALYSIS = YES;
				CLANG_WARN_STRICT_PROTOTYPES = YES;
				CLANG_WARN_SUSPICIOUS_MOVE = YES;
				CLANG_WARN_UNGUARDED_AVAILABILITY = YES_AGGRESSIVE;
				CLANG_WARN_UNREACHABLE_CODE = YES;
				CLANG_WARN__DUPLICATE_METHOD_MATCH = YES;
				CODE_SIGN_IDENTITY = "iPhone Developer";
				COPY_PHASE_STRIP = NO;
				DEBUG_INFORMATION_FORMAT = "dwarf-with-dsym";
				ENABLE_NS_ASSERTIONS = NO;
				ENABLE_STRICT_OBJC_MSGSEND = YES;
				GCC_C_LANGUAGE_STANDARD = gnu11;
				GCC_NO_COMMON_BLOCKS = YES;
				GCC_WARN_64_TO_32_BIT_CONVERSION = YES;
				GCC_WARN_ABOUT_RETURN_TYPE = YES_ERROR;
				GCC_WARN_UNDECLARED_SELECTOR = YES;
				GCC_WARN_UNINITIALIZED_AUTOS = YES_AGGRESSIVE;
				GCC_WARN_UNUSED_FUNCTION = YES;
				GCC_WARN_UNUSED_VARIABLE = YES;
				IPHONEOS_DEPLOYMENT_TARGET = 11.3;
				MTL_ENABLE_DEBUG_INFO = NO;
				SDKROOT = iphoneos;
				SWIFT_COMPILATION_MODE = wholemodule;
				SWIFT_OPTIMIZATION_LEVEL = "-O";
				VALIDATE_PRODUCT = YES;
			};
			name = Release;
		};
		93A6E9D220C1658700872A9A /* Debug */ = {
			isa = XCBuildConfiguration;
			buildSettings = {
				ASSETCATALOG_COMPILER_APPICON_NAME = AppIcon;
				CODE_SIGN_STYLE = Automatic;
				INFOPLIST_FILE = DepositSimulator/Info.plist;
				LD_RUNPATH_SEARCH_PATHS = (
					"$(inherited)",
					"@executable_path/Frameworks",
				);
				PRODUCT_BUNDLE_IDENTIFIER = com.tanaka.DepositSimulator;
				PRODUCT_NAME = "$(TARGET_NAME)";
				SWIFT_VERSION = 4.0;
				TARGETED_DEVICE_FAMILY = "1,2";
			};
			name = Debug;
		};
		93A6E9D320C1658700872A9A /* Release */ = {
			isa = XCBuildConfiguration;
			buildSettings = {
				ASSETCATALOG_COMPILER_APPICON_NAME = AppIcon;
				CODE_SIGN_STYLE = Automatic;
				INFOPLIST_FILE = DepositSimulator/Info.plist;
				LD_RUNPATH_SEARCH_PATHS = (
					"$(inherited)",
					"@executable_path/Frameworks",
				);
				PRODUCT_BUNDLE_IDENTIFIER = com.tanaka.DepositSimulator;
				PRODUCT_NAME = "$(TARGET_NAME)";
				SWIFT_VERSION = 4.0;
				TARGETED_DEVICE_FAMILY = "1,2";
			};
			name = Release;
		};
		93A6E9D520C1658700872A9A /* Debug */ = {
			isa = XCBuildConfiguration;
			buildSettings = {
				ALWAYS_EMBED_SWIFT_STANDARD_LIBRARIES = YES;
				BUNDLE_LOADER = "$(TEST_HOST)";
				CODE_SIGN_STYLE = Automatic;
				INFOPLIST_FILE = DepositSimulatorTests/Info.plist;
				LD_RUNPATH_SEARCH_PATHS = (
					"$(inherited)",
					"@executable_path/Frameworks",
					"@loader_path/Frameworks",
				);
				PRODUCT_BUNDLE_IDENTIFIER = com.tanaka.DepositSimulatorTests;
				PRODUCT_NAME = "$(TARGET_NAME)";
				SWIFT_VERSION = 4.0;
				TARGETED_DEVICE_FAMILY = "1,2";
				TEST_HOST = "$(BUILT_PRODUCTS_DIR)/DepositSimulator.app/DepositSimulator";
			};
			name = Debug;
		};
		93A6E9D620C1658700872A9A /* Release */ = {
			isa = XCBuildConfiguration;
			buildSettings = {
				ALWAYS_EMBED_SWIFT_STANDARD_LIBRARIES = YES;
				BUNDLE_LOADER = "$(TEST_HOST)";
				CODE_SIGN_STYLE = Automatic;
				INFOPLIST_FILE = DepositSimulatorTests/Info.plist;
				LD_RUNPATH_SEARCH_PATHS = (
					"$(inherited)",
					"@executable_path/Frameworks",
					"@loader_path/Frameworks",
				);
				PRODUCT_BUNDLE_IDENTIFIER = com.tanaka.DepositSimulatorTests;
				PRODUCT_NAME = "$(TARGET_NAME)";
				SWIFT_VERSION = 4.0;
				TARGETED_DEVICE_FAMILY = "1,2";
				TEST_HOST = "$(BUILT_PRODUCTS_DIR)/DepositSimulator.app/DepositSimulator";
			};
			name = Release;
		};
/* End XCBuildConfiguration section */

/* Begin XCConfigurationList section */
		93A6E9AF20C1658600872A9A /* Build configuration list for PBXProject "DepositSimulator" */ = {
			isa = XCConfigurationList;
			buildConfigurations = (
				93A6E9CF20C1658700872A9A /* Debug */,
				93A6E9D020C1658700872A9A /* Release */,
			);
			defaultConfigurationIsVisible = 0;
			defaultConfigurationName = Release;
		};
		93A6E9D120C1658700872A9A /* Build configuration list for PBXNativeTarget "DepositSimulator" */ = {
			isa = XCConfigurationList;
			buildConfigurations = (
				93A6E9D220C1658700872A9A /* Debug */,
				93A6E9D320C1658700872A9A /* Release */,
			);
			defaultConfigurationIsVisible = 0;
			defaultConfigurationName = Release;
		};
		93A6E9D420C1658700872A9A /* Build configuration list for PBXNativeTarget "DepositSimulatorTests" */ = {
			isa = XCConfigurationList;
			buildConfigurations = (
				93A6E9D520C1658700872A9A /* Debug */,
				93A6E9D620C1658700872A9A /* Release */,
			);
			defaultConfigurationIsVisible = 0;
			defaultConfigurationName = Release;
		};
/* End XCConfigurationList section */
	};
	rootObject = 93A6E9AC20C1658600872A9A /* Project object */;
}
